
Microsoft Visual Studio Solution File, Format Version 12.00
# Visual Studio Version 17
VisualStudioVersion = 17.0.31903.59
MinimumVisualStudioVersion = 10.0.40219.1
Project("{FAE04EC0-301F-11D3-BF4B-00C04F79EFBC}") = "faktoriyel", "faktoriyel\faktoriyel.csproj", "{A9D7146A-D37E-47DB-90EF-259BA5739E34}"
EndProject
Project("{FAE04EC0-301F-11D3-BF4B-00C04F79EFBC}") = "ConsoleApp1", "ConsoleApp1\ConsoleApp1.csproj", "{BFF0BCC8-4E01-4845-A5CE-3E88BBA2EF70}"
EndProject
Project("{FAE04EC0-301F-11D3-BF4B-00C04F79EFBC}") = "diziler2", "diziler2\diziler2.csproj", "{28A5E88A-54A5-4C07-AD3D-CDE644E859EE}"
EndProject
Project("{FAE04EC0-301F-11D3-BF4B-00C04F79EFBC}") = "ogrenci_notlari_dizi", "ogrenci_notlari_dizi\ogrenci_notlari_dizi.csproj", "{3E007873-28D9-450D-8C1B-C64E9B2CEEE6}"
EndProject
Project("{FAE04EC0-301F-11D3-BF4B-00C04F79EFBC}") = "altdizi", "altdizi\altdizi.csproj", "{49421084-C56E-441E-BB32-C54202968BCB}"
EndProject
Project("{FAE04EC0-301F-11D3-BF4B-00C04F79EFBC}") = "ConsoleApp2", "ConsoleApp2\ConsoleApp2.csproj", "{B7232E5F-7486-4322-92F2-88B7864C6142}"
EndProject
Project("{FAE04EC0-301F-11D3-BF4B-00C04F79EFBC}") = "ConsoleApp3", "ConsoleApp3\ConsoleApp3.csproj", "{3401E894-BB6B-4EAF-A348-8873B6A9BD63}"
EndProject
Project("{FAE04EC0-301F-11D3-BF4B-00C04F79EFBC}") = "ConsoleApp4", "ConsoleApp4\ConsoleApp4.csproj", "{6379F30E-E4EA-41A9-B960-4B61690E636D}"
EndProject
Project("{FAE04EC0-301F-11D3-BF4B-00C04F79EFBC}") = "ConsoleApp5", "ConsoleApp5\ConsoleApp5.csproj", "{58206775-FD79-4775-899B-A349C5BF6531}"
EndProject
Project("{FAE04EC0-301F-11D3-BF4B-00C04F79EFBC}") = "ConsoleApp6", "ConsoleApp6\ConsoleApp6.csproj", "{D5AE2707-6E66-4EFF-B862-12B537403837}"
EndProject
Project("{FAE04EC0-301F-11D3-BF4B-00C04F79EFBC}") = "ConsoleApp7", "ConsoleApp7\ConsoleApp7.csproj", "{6B0C36C0-C5B4-4CC8-A2F9-590E977D5C8E}"
EndProject
Project("{FAE04EC0-301F-11D3-BF4B-00C04F79EFBC}") = "ConsoleApp8", "ConsoleApp8\ConsoleApp8.csproj", "{4627D6BF-304B-473A-ADD8-04233393557D}"
EndProject
Project("{FAE04EC0-301F-11D3-BF4B-00C04F79EFBC}") = "ConsoleApp9", "ConsoleApp9\ConsoleApp9.csproj", "{0DF95F3B-F388-49F1-972B-E2BECA53A31C}"
EndProject
Project("{FAE04EC0-301F-11D3-BF4B-00C04F79EFBC}") = "ConsoleApp10", "ConsoleApp10\ConsoleApp10.csproj", "{3C1F9FC1-707C-43D5-8451-0B4F373D81AA}"
EndProject
Project("{FAE04EC0-301F-11D3-BF4B-00C04F79EFBC}") = "ConsoleApp11", "ConsoleApp11\ConsoleApp11.csproj", "{7B3B12CD-5770-482E-9C2B-EB29D7BD3266}"
EndProject
Project("{FAE04EC0-301F-11D3-BF4B-00C04F79EFBC}") = "ConsoleApp12", "ConsoleApp12\ConsoleApp12.csproj", "{F2412F01-E005-4A28-9730-756B9B71295E}"
EndProject
Project("{FAE04EC0-301F-11D3-BF4B-00C04F79EFBC}") = "ConsoleApp13", "ConsoleApp13\ConsoleApp13.csproj", "{5F3BA15F-21A2-457B-A70D-DDD59ACBAAAE}"
EndProject
Project("{FAE04EC0-301F-11D3-BF4B-00C04F79EFBC}") = "ConsoleApp14", "ConsoleApp14\ConsoleApp14.csproj", "{92F8F199-928D-4620-B866-FFBE72ECDA57}"
EndProject
Project("{FAE04EC0-301F-11D3-BF4B-00C04F79EFBC}") = "ConsoleApp15", "ConsoleApp15\ConsoleApp15.csproj", "{8C373303-02B4-468B-9AEA-FB011D016C41}"
EndProject
Project("{FAE04EC0-301F-11D3-BF4B-00C04F79EFBC}") = "ConsoleApp16", "ConsoleApp16\ConsoleApp16.csproj", "{29F9491D-730F-41C6-8318-E6F11D5995CE}"
EndProject
Project("{FAE04EC0-301F-11D3-BF4B-00C04F79EFBC}") = "ConsoleApp17", "ConsoleApp17\ConsoleApp17.csproj", "{5609F304-380F-419C-9F0B-26B64BBC0B6B}"
EndProject
Project("{FAE04EC0-301F-11D3-BF4B-00C04F79EFBC}") = "ConsoleApp18", "ConsoleApp18\ConsoleApp18.csproj", "{E03FF465-7EAD-413A-B8FC-F7447279EE23}"
EndProject
Global
	GlobalSection(SolutionConfigurationPlatforms) = preSolution
		Debug|Any CPU = Debug|Any CPU
		Release|Any CPU = Release|Any CPU
	EndGlobalSection
	GlobalSection(SolutionProperties) = preSolution
		HideSolutionNode = FALSE
	EndGlobalSection
	GlobalSection(ProjectConfigurationPlatforms) = postSolution
		{A9D7146A-D37E-47DB-90EF-259BA5739E34}.Debug|Any CPU.ActiveCfg = Debug|Any CPU
		{A9D7146A-D37E-47DB-90EF-259BA5739E34}.Debug|Any CPU.Build.0 = Debug|Any CPU
		{A9D7146A-D37E-47DB-90EF-259BA5739E34}.Release|Any CPU.ActiveCfg = Release|Any CPU
		{A9D7146A-D37E-47DB-90EF-259BA5739E34}.Release|Any CPU.Build.0 = Release|Any CPU
		{BFF0BCC8-4E01-4845-A5CE-3E88BBA2EF70}.Debug|Any CPU.ActiveCfg = Debug|Any CPU
		{BFF0BCC8-4E01-4845-A5CE-3E88BBA2EF70}.Debug|Any CPU.Build.0 = Debug|Any CPU
		{BFF0BCC8-4E01-4845-A5CE-3E88BBA2EF70}.Release|Any CPU.ActiveCfg = Release|Any CPU
		{BFF0BCC8-4E01-4845-A5CE-3E88BBA2EF70}.Release|Any CPU.Build.0 = Release|Any CPU
		{28A5E88A-54A5-4C07-AD3D-CDE644E859EE}.Debug|Any CPU.ActiveCfg = Debug|Any CPU
		{28A5E88A-54A5-4C07-AD3D-CDE644E859EE}.Debug|Any CPU.Build.0 = Debug|Any CPU
		{28A5E88A-54A5-4C07-AD3D-CDE644E859EE}.Release|Any CPU.ActiveCfg = Release|Any CPU
		{28A5E88A-54A5-4C07-AD3D-CDE644E859EE}.Release|Any CPU.Build.0 = Release|Any CPU
		{3E007873-28D9-450D-8C1B-C64E9B2CEEE6}.Debug|Any CPU.ActiveCfg = Debug|Any CPU
		{3E007873-28D9-450D-8C1B-C64E9B2CEEE6}.Debug|Any CPU.Build.0 = Debug|Any CPU
		{3E007873-28D9-450D-8C1B-C64E9B2CEEE6}.Release|Any CPU.ActiveCfg = Release|Any CPU
		{3E007873-28D9-450D-8C1B-C64E9B2CEEE6}.Release|Any CPU.Build.0 = Release|Any CPU
		{49421084-C56E-441E-BB32-C54202968BCB}.Debug|Any CPU.ActiveCfg = Debug|Any CPU
		{49421084-C56E-441E-BB32-C54202968BCB}.Debug|Any CPU.Build.0 = Debug|Any CPU
		{49421084-C56E-441E-BB32-C54202968BCB}.Release|Any CPU.ActiveCfg = Release|Any CPU
		{49421084-C56E-441E-BB32-C54202968BCB}.Release|Any CPU.Build.0 = Release|Any CPU
		{B7232E5F-7486-4322-92F2-88B7864C6142}.Debug|Any CPU.ActiveCfg = Debug|Any CPU
		{B7232E5F-7486-4322-92F2-88B7864C6142}.Debug|Any CPU.Build.0 = Debug|Any CPU
		{B7232E5F-7486-4322-92F2-88B7864C6142}.Release|Any CPU.ActiveCfg = Release|Any CPU
		{B7232E5F-7486-4322-92F2-88B7864C6142}.Release|Any CPU.Build.0 = Release|Any CPU
		{3401E894-BB6B-4EAF-A348-8873B6A9BD63}.Debug|Any CPU.ActiveCfg = Debug|Any CPU
		{3401E894-BB6B-4EAF-A348-8873B6A9BD63}.Debug|Any CPU.Build.0 = Debug|Any CPU
		{3401E894-BB6B-4EAF-A348-8873B6A9BD63}.Release|Any CPU.ActiveCfg = Release|Any CPU
		{3401E894-BB6B-4EAF-A348-8873B6A9BD63}.Release|Any CPU.Build.0 = Release|Any CPU
		{6379F30E-E4EA-41A9-B960-4B61690E636D}.Debug|Any CPU.ActiveCfg = Debug|Any CPU
		{6379F30E-E4EA-41A9-B960-4B61690E636D}.Debug|Any CPU.Build.0 = Debug|Any CPU
		{6379F30E-E4EA-41A9-B960-4B61690E636D}.Release|Any CPU.ActiveCfg = Release|Any CPU
		{6379F30E-E4EA-41A9-B960-4B61690E636D}.Release|Any CPU.Build.0 = Release|Any CPU
		{58206775-FD79-4775-899B-A349C5BF6531}.Debug|Any CPU.ActiveCfg = Debug|Any CPU
		{58206775-FD79-4775-899B-A349C5BF6531}.Debug|Any CPU.Build.0 = Debug|Any CPU
		{58206775-FD79-4775-899B-A349C5BF6531}.Release|Any CPU.ActiveCfg = Release|Any CPU
		{58206775-FD79-4775-899B-A349C5BF6531}.Release|Any CPU.Build.0 = Release|Any CPU
		{D5AE2707-6E66-4EFF-B862-12B537403837}.Debug|Any CPU.ActiveCfg = Debug|Any CPU
		{D5AE2707-6E66-4EFF-B862-12B537403837}.Debug|Any CPU.Build.0 = Debug|Any CPU
		{D5AE2707-6E66-4EFF-B862-12B537403837}.Release|Any CPU.ActiveCfg = Release|Any CPU
		{D5AE2707-6E66-4EFF-B862-12B537403837}.Release|Any CPU.Build.0 = Release|Any CPU
		{6B0C36C0-C5B4-4CC8-A2F9-590E977D5C8E}.Debug|Any CPU.ActiveCfg = Debug|Any CPU
		{6B0C36C0-C5B4-4CC8-A2F9-590E977D5C8E}.Debug|Any CPU.Build.0 = Debug|Any CPU
		{6B0C36C0-C5B4-4CC8-A2F9-590E977D5C8E}.Release|Any CPU.ActiveCfg = Release|Any CPU
		{6B0C36C0-C5B4-4CC8-A2F9-590E977D5C8E}.Release|Any CPU.Build.0 = Release|Any CPU
		{4627D6BF-304B-473A-ADD8-04233393557D}.Debug|Any CPU.ActiveCfg = Debug|Any CPU
		{4627D6BF-304B-473A-ADD8-04233393557D}.Debug|Any CPU.Build.0 = Debug|Any CPU
		{4627D6BF-304B-473A-ADD8-04233393557D}.Release|Any CPU.ActiveCfg = Release|Any CPU
		{4627D6BF-304B-473A-ADD8-04233393557D}.Release|Any CPU.Build.0 = Release|Any CPU
		{0DF95F3B-F388-49F1-972B-E2BECA53A31C}.Debug|Any CPU.ActiveCfg = Debug|Any CPU
		{0DF95F3B-F388-49F1-972B-E2BECA53A31C}.Debug|Any CPU.Build.0 = Debug|Any CPU
		{0DF95F3B-F388-49F1-972B-E2BECA53A31C}.Release|Any CPU.ActiveCfg = Release|Any CPU
		{0DF95F3B-F388-49F1-972B-E2BECA53A31C}.Release|Any CPU.Build.0 = Release|Any CPU
		{3C1F9FC1-707C-43D5-8451-0B4F373D81AA}.Debug|Any CPU.ActiveCfg = Debug|Any CPU
		{3C1F9FC1-707C-43D5-8451-0B4F373D81AA}.Debug|Any CPU.Build.0 = Debug|Any CPU
		{3C1F9FC1-707C-43D5-8451-0B4F373D81AA}.Release|Any CPU.ActiveCfg = Release|Any CPU
		{3C1F9FC1-707C-43D5-8451-0B4F373D81AA}.Release|Any CPU.Build.0 = Release|Any CPU
		{7B3B12CD-5770-482E-9C2B-EB29D7BD3266}.Debug|Any CPU.ActiveCfg = Debug|Any CPU
		{7B3B12CD-5770-482E-9C2B-EB29D7BD3266}.Debug|Any CPU.Build.0 = Debug|Any CPU
		{7B3B12CD-5770-482E-9C2B-EB29D7BD3266}.Release|Any CPU.ActiveCfg = Release|Any CPU
		{7B3B12CD-5770-482E-9C2B-EB29D7BD3266}.Release|Any CPU.Build.0 = Release|Any CPU
		{F2412F01-E005-4A28-9730-756B9B71295E}.Debug|Any CPU.ActiveCfg = Debug|Any CPU
		{F2412F01-E005-4A28-9730-756B9B71295E}.Debug|Any CPU.Build.0 = Debug|Any CPU
		{F2412F01-E005-4A28-9730-756B9B71295E}.Release|Any CPU.ActiveCfg = Release|Any CPU
		{F2412F01-E005-4A28-9730-756B9B71295E}.Release|Any CPU.Build.0 = Release|Any CPU
		{5F3BA15F-21A2-457B-A70D-DDD59ACBAAAE}.Debug|Any CPU.ActiveCfg = Debug|Any CPU
		{5F3BA15F-21A2-457B-A70D-DDD59ACBAAAE}.Debug|Any CPU.Build.0 = Debug|Any CPU
		{5F3BA15F-21A2-457B-A70D-DDD59ACBAAAE}.Release|Any CPU.ActiveCfg = Release|Any CPU
		{5F3BA15F-21A2-457B-A70D-DDD59ACBAAAE}.Release|Any CPU.Build.0 = Release|Any CPU
		{92F8F199-928D-4620-B866-FFBE72ECDA57}.Debug|Any CPU.ActiveCfg = Debug|Any CPU
		{92F8F199-928D-4620-B866-FFBE72ECDA57}.Debug|Any CPU.Build.0 = Debug|Any CPU
		{92F8F199-928D-4620-B866-FFBE72ECDA57}.Release|Any CPU.ActiveCfg = Release|Any CPU
		{92F8F199-928D-4620-B866-FFBE72ECDA57}.Release|Any CPU.Build.0 = Release|Any CPU
		{8C373303-02B4-468B-9AEA-FB011D016C41}.Debug|Any CPU.ActiveCfg = Debug|Any CPU
		{8C373303-02B4-468B-9AEA-FB011D016C41}.Debug|Any CPU.Build.0 = Debug|Any CPU
		{8C373303-02B4-468B-9AEA-FB011D016C41}.Release|Any CPU.ActiveCfg = Release|Any CPU
		{8C373303-02B4-468B-9AEA-FB011D016C41}.Release|Any CPU.Build.0 = Release|Any CPU
		{29F9491D-730F-41C6-8318-E6F11D5995CE}.Debug|Any CPU.ActiveCfg = Debug|Any CPU
		{29F9491D-730F-41C6-8318-E6F11D5995CE}.Debug|Any CPU.Build.0 = Debug|Any CPU
		{29F9491D-730F-41C6-8318-E6F11D5995CE}.Release|Any CPU.ActiveCfg = Release|Any CPU
		{29F9491D-730F-41C6-8318-E6F11D5995CE}.Release|Any CPU.Build.0 = Release|Any CPU
		{5609F304-380F-419C-9F0B-26B64BBC0B6B}.Debug|Any CPU.ActiveCfg = Debug|Any CPU
		{5609F304-380F-419C-9F0B-26B64BBC0B6B}.Debug|Any CPU.Build.0 = Debug|Any CPU
		{5609F304-380F-419C-9F0B-26B64BBC0B6B}.Release|Any CPU.ActiveCfg = Release|Any CPU
		{5609F304-380F-419C-9F0B-26B64BBC0B6B}.Release|Any CPU.Build.0 = Release|Any CPU
		{E03FF465-7EAD-413A-B8FC-F7447279EE23}.Debug|Any CPU.ActiveCfg = Debug|Any CPU
		{E03FF465-7EAD-413A-B8FC-F7447279EE23}.Debug|Any CPU.Build.0 = Debug|Any CPU
		{E03FF465-7EAD-413A-B8FC-F7447279EE23}.Release|Any CPU.ActiveCfg = Release|Any CPU
		{E03FF465-7EAD-413A-B8FC-F7447279EE23}.Release|Any CPU.Build.0 = Release|Any CPU
	EndGlobalSection
EndGlobal
