
Microsoft Visual Studio Solution File, Format Version 12.00
# Visual Studio Version 17
VisualStudioVersion = 17.0.31903.59
MinimumVisualStudioVersion = 10.0.40219.1
Project("{FAE04EC0-301F-11D3-BF4B-00C04F79EFBC}") = "faktoriyel", "faktoriyel\faktoriyel.csproj", "{A9D7146A-D37E-47DB-90EF-259BA5739E34}"
EndProject
Project("{FAE04EC0-301F-11D3-BF4B-00C04F79EFBC}") = "ConsoleApp1", "ConsoleApp1\ConsoleApp1.csproj", "{BFF0BCC8-4E01-4845-A5CE-3E88BBA2EF70}"
EndProject
Project("{FAE04EC0-301F-11D3-BF4B-00C04F79EFBC}") = "diziler2", "diziler2\diziler2.csproj", "{28A5E88A-54A5-4C07-AD3D-CDE644E859EE}"
EndProject
Project("{FAE04EC0-301F-11D3-BF4B-00C04F79EFBC}") = "ogrenci_notlari_dizi", "ogrenci_notlari_dizi\ogrenci_notlari_dizi.csproj", "{3E007873-28D9-450D-8C1B-C64E9B2CEEE6}"
EndProject
Project("{FAE04EC0-301F-11D3-BF4B-00C04F79EFBC}") = "altdizi", "altdizi\altdizi.csproj", "{49421084-C56E-441E-BB32-C54202968BCB}"
EndProject
Project("{FAE04EC0-301F-11D3-BF4B-00C04F79EFBC}") = "ConsoleApp2", "ConsoleApp2\ConsoleApp2.csproj", "{B7232E5F-7486-4322-92F2-88B7864C6142}"
EndProject
Project("{FAE04EC0-301F-11D3-BF4B-00C04F79EFBC}") = "ConsoleApp3", "ConsoleApp3\ConsoleApp3.csproj", "{3401E894-BB6B-4EAF-A348-8873B6A9BD63}"
EndProject
Global
	GlobalSection(SolutionConfigurationPlatforms) = preSolution
		Debug|Any CPU = Debug|Any CPU
		Release|Any CPU = Release|Any CPU
	EndGlobalSection
	GlobalSection(SolutionProperties) = preSolution
		HideSolutionNode = FALSE
	EndGlobalSection
	GlobalSection(ProjectConfigurationPlatforms) = postSolution
		{A9D7146A-D37E-47DB-90EF-259BA5739E34}.Debug|Any CPU.ActiveCfg = Debug|Any CPU
		{A9D7146A-D37E-47DB-90EF-259BA5739E34}.Debug|Any CPU.Build.0 = Debug|Any CPU
		{A9D7146A-D37E-47DB-90EF-259BA5739E34}.Release|Any CPU.ActiveCfg = Release|Any CPU
		{A9D7146A-D37E-47DB-90EF-259BA5739E34}.Release|Any CPU.Build.0 = Release|Any CPU
		{BFF0BCC8-4E01-4845-A5CE-3E88BBA2EF70}.Debug|Any CPU.ActiveCfg = Debug|Any CPU
		{BFF0BCC8-4E01-4845-A5CE-3E88BBA2EF70}.Debug|Any CPU.Build.0 = Debug|Any CPU
		{BFF0BCC8-4E01-4845-A5CE-3E88BBA2EF70}.Release|Any CPU.ActiveCfg = Release|Any CPU
		{BFF0BCC8-4E01-4845-A5CE-3E88BBA2EF70}.Release|Any CPU.Build.0 = Release|Any CPU
		{28A5E88A-54A5-4C07-AD3D-CDE644E859EE}.Debug|Any CPU.ActiveCfg = Debug|Any CPU
		{28A5E88A-54A5-4C07-AD3D-CDE644E859EE}.Debug|Any CPU.Build.0 = Debug|Any CPU
		{28A5E88A-54A5-4C07-AD3D-CDE644E859EE}.Release|Any CPU.ActiveCfg = Release|Any CPU
		{28A5E88A-54A5-4C07-AD3D-CDE644E859EE}.Release|Any CPU.Build.0 = Release|Any CPU
		{3E007873-28D9-450D-8C1B-C64E9B2CEEE6}.Debug|Any CPU.ActiveCfg = Debug|Any CPU
		{3E007873-28D9-450D-8C1B-C64E9B2CEEE6}.Debug|Any CPU.Build.0 = Debug|Any CPU
		{3E007873-28D9-450D-8C1B-C64E9B2CEEE6}.Release|Any CPU.ActiveCfg = Release|Any CPU
		{3E007873-28D9-450D-8C1B-C64E9B2CEEE6}.Release|Any CPU.Build.0 = Release|Any CPU
		{49421084-C56E-441E-BB32-C54202968BCB}.Debug|Any CPU.ActiveCfg = Debug|Any CPU
		{49421084-C56E-441E-BB32-C54202968BCB}.Debug|Any CPU.Build.0 = Debug|Any CPU
		{49421084-C56E-441E-BB32-C54202968BCB}.Release|Any CPU.ActiveCfg = Release|Any CPU
		{49421084-C56E-441E-BB32-C54202968BCB}.Release|Any CPU.Build.0 = Release|Any CPU
		{B7232E5F-7486-4322-92F2-88B7864C6142}.Debug|Any CPU.ActiveCfg = Debug|Any CPU
		{B7232E5F-7486-4322-92F2-88B7864C6142}.Debug|Any CPU.Build.0 = Debug|Any CPU
		{B7232E5F-7486-4322-92F2-88B7864C6142}.Release|Any CPU.ActiveCfg = Release|Any CPU
		{B7232E5F-7486-4322-92F2-88B7864C6142}.Release|Any CPU.Build.0 = Release|Any CPU
		{3401E894-BB6B-4EAF-A348-8873B6A9BD63}.Debug|Any CPU.ActiveCfg = Debug|Any CPU
		{3401E894-BB6B-4EAF-A348-8873B6A9BD63}.Debug|Any CPU.Build.0 = Debug|Any CPU
		{3401E894-BB6B-4EAF-A348-8873B6A9BD63}.Release|Any CPU.ActiveCfg = Release|Any CPU
		{3401E894-BB6B-4EAF-A348-8873B6A9BD63}.Release|Any CPU.Build.0 = Release|Any CPU
	EndGlobalSection
EndGlobal
